
Microsoft Visual Studio Solution File, Format Version 12.00
# Visual Studio Version 16
VisualStudioVersion = 16.0.31911.196
MinimumVisualStudioVersion = 10.0.40219.1
Project("{2150E333-8FDC-42A3-9474-1A3956D46DE8}") = "src", "src", "{660374D9-A0AD-4F03-AE24-DCDE5C69CF4E}"
EndProject
Project("{2150E333-8FDC-42A3-9474-1A3956D46DE8}") = "ApiGateway", "ApiGateway", "{891E23E5-5699-41DF-A8DA-0BF82FC86084}"
EndProject
Project("{2150E333-8FDC-42A3-9474-1A3956D46DE8}") = "BuildingBlocks", "BuildingBlocks", "{7560569E-C12B-45A6-9DE9-A2729212FAFC}"
EndProject
Project("{2150E333-8FDC-42A3-9474-1A3956D46DE8}") = "Services", "Services", "{8FE1FBC6-ECDF-469C-9113-B757949A7825}"
EndProject
Project("{2150E333-8FDC-42A3-9474-1A3956D46DE8}") = "Core", "Core", "{B6C659F0-94B2-4626-93BC-7D7B88FCFFC7}"
EndProject
Project("{2150E333-8FDC-42A3-9474-1A3956D46DE8}") = "Services", "Services", "{88643347-6630-490A-85BC-E1C5A1966AA8}"
EndProject
Project("{2150E333-8FDC-42A3-9474-1A3956D46DE8}") = "Identidade", "Identidade", "{7DD7630C-839C-41EF-B8BE-3DAD83F49ADA}"
EndProject
Project("{2150E333-8FDC-42A3-9474-1A3956D46DE8}") = "Condutores", "Condutores", "{F93D690E-607A-4030-A729-626AE03BCF7E}"
EndProject
Project("{2150E333-8FDC-42A3-9474-1A3956D46DE8}") = "Veiculos", "Veiculos", "{6C529F92-DEB1-4B55-B6DC-1842FF2C654E}"
EndProject
Project("{9A19103F-16F7-4668-BE54-9A1E7A4F7556}") = "TP.Core", "src\building blocks\TP.Core\TP.Core.csproj", "{AEC13868-1B31-476D-9028-0AE4E75C4A9E}"
EndProject
Project("{9A19103F-16F7-4668-BE54-9A1E7A4F7556}") = "TP.WebAPI.Core", "src\building blocks\TP.WebAPI.Core\TP.WebAPI.Core.csproj", "{1C901790-3F15-4337-B8EF-A0C3CE04C02A}"
EndProject
Project("{9A19103F-16F7-4668-BE54-9A1E7A4F7556}") = "TP.Identidade.API", "src\services\TP.Identidade.API\TP.Identidade.API.csproj", "{3068D2FF-61E0-42E2-B246-0DF0F993844F}"
EndProject
Project("{2150E333-8FDC-42A3-9474-1A3956D46DE8}") = "MessageBus", "MessageBus", "{9237A6B8-1976-4AD5-AF98-548FA94B0D71}"
EndProject
Project("{FAE04EC0-301F-11D3-BF4B-00C04F79EFBC}") = "TP.MessageBus", "src\building blocks\TP.MessageBus\TP.MessageBus.csproj", "{04E7DCCF-8C12-4F25-A881-EC0495FFFC2D}"
EndProject
Project("{FAE04EC0-301F-11D3-BF4B-00C04F79EFBC}") = "TP.Condutores.API", "src\services\TP.Condutores.API\TP.Condutores.API.csproj", "{3A996EC6-F690-49E5-96CC-E41C375563A0}"
EndProject
Global
	GlobalSection(SolutionConfigurationPlatforms) = preSolution
		Debug|Any CPU = Debug|Any CPU
		Release|Any CPU = Release|Any CPU
	EndGlobalSection
	GlobalSection(ProjectConfigurationPlatforms) = postSolution
		{AEC13868-1B31-476D-9028-0AE4E75C4A9E}.Debug|Any CPU.ActiveCfg = Debug|Any CPU
		{AEC13868-1B31-476D-9028-0AE4E75C4A9E}.Debug|Any CPU.Build.0 = Debug|Any CPU
		{AEC13868-1B31-476D-9028-0AE4E75C4A9E}.Release|Any CPU.ActiveCfg = Release|Any CPU
		{AEC13868-1B31-476D-9028-0AE4E75C4A9E}.Release|Any CPU.Build.0 = Release|Any CPU
		{1C901790-3F15-4337-B8EF-A0C3CE04C02A}.Debug|Any CPU.ActiveCfg = Debug|Any CPU
		{1C901790-3F15-4337-B8EF-A0C3CE04C02A}.Debug|Any CPU.Build.0 = Debug|Any CPU
		{1C901790-3F15-4337-B8EF-A0C3CE04C02A}.Release|Any CPU.ActiveCfg = Release|Any CPU
		{1C901790-3F15-4337-B8EF-A0C3CE04C02A}.Release|Any CPU.Build.0 = Release|Any CPU
		{3068D2FF-61E0-42E2-B246-0DF0F993844F}.Debug|Any CPU.ActiveCfg = Debug|Any CPU
		{3068D2FF-61E0-42E2-B246-0DF0F993844F}.Debug|Any CPU.Build.0 = Debug|Any CPU
		{3068D2FF-61E0-42E2-B246-0DF0F993844F}.Release|Any CPU.ActiveCfg = Release|Any CPU
		{3068D2FF-61E0-42E2-B246-0DF0F993844F}.Release|Any CPU.Build.0 = Release|Any CPU
		{04E7DCCF-8C12-4F25-A881-EC0495FFFC2D}.Debug|Any CPU.ActiveCfg = Debug|Any CPU
		{04E7DCCF-8C12-4F25-A881-EC0495FFFC2D}.Debug|Any CPU.Build.0 = Debug|Any CPU
		{04E7DCCF-8C12-4F25-A881-EC0495FFFC2D}.Release|Any CPU.ActiveCfg = Release|Any CPU
		{04E7DCCF-8C12-4F25-A881-EC0495FFFC2D}.Release|Any CPU.Build.0 = Release|Any CPU
		{3A996EC6-F690-49E5-96CC-E41C375563A0}.Debug|Any CPU.ActiveCfg = Debug|Any CPU
		{3A996EC6-F690-49E5-96CC-E41C375563A0}.Debug|Any CPU.Build.0 = Debug|Any CPU
		{3A996EC6-F690-49E5-96CC-E41C375563A0}.Release|Any CPU.ActiveCfg = Release|Any CPU
		{3A996EC6-F690-49E5-96CC-E41C375563A0}.Release|Any CPU.Build.0 = Release|Any CPU
	EndGlobalSection
	GlobalSection(SolutionProperties) = preSolution
		HideSolutionNode = FALSE
	EndGlobalSection
	GlobalSection(NestedProjects) = preSolution
		{891E23E5-5699-41DF-A8DA-0BF82FC86084} = {660374D9-A0AD-4F03-AE24-DCDE5C69CF4E}
		{7560569E-C12B-45A6-9DE9-A2729212FAFC} = {660374D9-A0AD-4F03-AE24-DCDE5C69CF4E}
		{8FE1FBC6-ECDF-469C-9113-B757949A7825} = {660374D9-A0AD-4F03-AE24-DCDE5C69CF4E}
		{B6C659F0-94B2-4626-93BC-7D7B88FCFFC7} = {7560569E-C12B-45A6-9DE9-A2729212FAFC}
		{88643347-6630-490A-85BC-E1C5A1966AA8} = {7560569E-C12B-45A6-9DE9-A2729212FAFC}
		{7DD7630C-839C-41EF-B8BE-3DAD83F49ADA} = {8FE1FBC6-ECDF-469C-9113-B757949A7825}
		{F93D690E-607A-4030-A729-626AE03BCF7E} = {8FE1FBC6-ECDF-469C-9113-B757949A7825}
		{6C529F92-DEB1-4B55-B6DC-1842FF2C654E} = {8FE1FBC6-ECDF-469C-9113-B757949A7825}
		{AEC13868-1B31-476D-9028-0AE4E75C4A9E} = {B6C659F0-94B2-4626-93BC-7D7B88FCFFC7}
		{1C901790-3F15-4337-B8EF-A0C3CE04C02A} = {88643347-6630-490A-85BC-E1C5A1966AA8}
		{3068D2FF-61E0-42E2-B246-0DF0F993844F} = {7DD7630C-839C-41EF-B8BE-3DAD83F49ADA}
		{9237A6B8-1976-4AD5-AF98-548FA94B0D71} = {7560569E-C12B-45A6-9DE9-A2729212FAFC}
		{04E7DCCF-8C12-4F25-A881-EC0495FFFC2D} = {9237A6B8-1976-4AD5-AF98-548FA94B0D71}
		{3A996EC6-F690-49E5-96CC-E41C375563A0} = {F93D690E-607A-4030-A729-626AE03BCF7E}
	EndGlobalSection
	GlobalSection(ExtensibilityGlobals) = postSolution
		SolutionGuid = {E49F67EA-3833-4F5A-85C7-0FFAD5E9727A}
	EndGlobalSection
EndGlobal
